
Microsoft Visual Studio Solution File, Format Version 12.00
# Visual Studio Version 17
VisualStudioVersion = 17.0.31903.59
MinimumVisualStudioVersion = 10.0.40219.1
Project("{FAE04EC0-301F-11D3-BF4B-00C04F79EFBC}") = "timerDinoK", "timerDinoK.csproj", "{B3CDE55A-2AEC-493E-878D-6CFBFD14F315}"
EndProject
Global
	GlobalSection(SolutionConfigurationPlatforms) = preSolution
		Debug|Any CPU = Debug|Any CPU
		Release|Any CPU = Release|Any CPU
	EndGlobalSection
	GlobalSection(ProjectConfigurationPlatforms) = postSolution
		{B3CDE55A-2AEC-493E-878D-6CFBFD14F315}.Debug|Any CPU.ActiveCfg = Debug|Any CPU
		{B3CDE55A-2AEC-493E-878D-6CFBFD14F315}.Debug|Any CPU.Build.0 = Debug|Any CPU
		{B3CDE55A-2AEC-493E-878D-6CFBFD14F315}.Release|Any CPU.ActiveCfg = Release|Any CPU
		{B3CDE55A-2AEC-493E-878D-6CFBFD14F315}.Release|Any CPU.Build.0 = Release|Any CPU
	EndGlobalSection
	GlobalSection(SolutionProperties) = preSolution
		HideSolutionNode = FALSE
	EndGlobalSection
	GlobalSection(ExtensibilityGlobals) = postSolution
		SolutionGuid = {251DF91E-04CB-41A1-A2A3-D8143D7BCC59}
	EndGlobalSection
EndGlobal
